
Microsoft Visual Studio Solution File, Format Version 12.00
# Visual Studio 15
VisualStudioVersion = 15.0.26730.16
MinimumVisualStudioVersion = 10.0.40219.1
Project("{9A19103F-16F7-4668-BE54-9A1E7A4F7556}") = "EnergyMonitor", "EnergyMonitor\EnergyMonitor.csproj", "{7107304A-8ABF-4AC6-995C-3FFF6A4BED4B}"
EndProject
Project("{9A19103F-16F7-4668-BE54-9A1E7A4F7556}") = "Brultech.ECM1240", "Brultech.ECM1240\Brultech.ECM1240.csproj", "{77612C5E-A9B3-4F45-8920-6A7823823BF0}"
EndProject
Project("{9A19103F-16F7-4668-BE54-9A1E7A4F7556}") = "Brultech.ECM1240.Tests", "Brultech.ECM1240.Tests\Brultech.ECM1240.Tests.csproj", "{168969EB-2D74-4252-BF87-0BD04F8B42E6}"
EndProject
Project("{9A19103F-16F7-4668-BE54-9A1E7A4F7556}") = "EnergyMonitor.Data", "EnergyMonitor.Data\EnergyMonitor.Data.csproj", "{91C0B291-20F5-40AF-A32F-5112AEF8C120}"
EndProject
Project("{9A19103F-16F7-4668-BE54-9A1E7A4F7556}") = "WUnderground", "WUnderground\WUnderground.csproj", "{CDED01DD-60D9-44C0-BB22-22F3C1F20FF3}"
EndProject
Global
	GlobalSection(SolutionConfigurationPlatforms) = preSolution
		Debug|Any CPU = Debug|Any CPU
		Release|Any CPU = Release|Any CPU
	EndGlobalSection
	GlobalSection(ProjectConfigurationPlatforms) = postSolution
		{7107304A-8ABF-4AC6-995C-3FFF6A4BED4B}.Debug|Any CPU.ActiveCfg = Debug|Any CPU
		{7107304A-8ABF-4AC6-995C-3FFF6A4BED4B}.Debug|Any CPU.Build.0 = Debug|Any CPU
		{7107304A-8ABF-4AC6-995C-3FFF6A4BED4B}.Release|Any CPU.ActiveCfg = Release|Any CPU
		{7107304A-8ABF-4AC6-995C-3FFF6A4BED4B}.Release|Any CPU.Build.0 = Release|Any CPU
		{77612C5E-A9B3-4F45-8920-6A7823823BF0}.Debug|Any CPU.ActiveCfg = Debug|Any CPU
		{77612C5E-A9B3-4F45-8920-6A7823823BF0}.Debug|Any CPU.Build.0 = Debug|Any CPU
		{77612C5E-A9B3-4F45-8920-6A7823823BF0}.Release|Any CPU.ActiveCfg = Release|Any CPU
		{77612C5E-A9B3-4F45-8920-6A7823823BF0}.Release|Any CPU.Build.0 = Release|Any CPU
		{168969EB-2D74-4252-BF87-0BD04F8B42E6}.Debug|Any CPU.ActiveCfg = Debug|Any CPU
		{168969EB-2D74-4252-BF87-0BD04F8B42E6}.Debug|Any CPU.Build.0 = Debug|Any CPU
		{168969EB-2D74-4252-BF87-0BD04F8B42E6}.Release|Any CPU.ActiveCfg = Release|Any CPU
		{168969EB-2D74-4252-BF87-0BD04F8B42E6}.Release|Any CPU.Build.0 = Release|Any CPU
		{91C0B291-20F5-40AF-A32F-5112AEF8C120}.Debug|Any CPU.ActiveCfg = Debug|Any CPU
		{91C0B291-20F5-40AF-A32F-5112AEF8C120}.Debug|Any CPU.Build.0 = Debug|Any CPU
		{91C0B291-20F5-40AF-A32F-5112AEF8C120}.Release|Any CPU.ActiveCfg = Release|Any CPU
		{91C0B291-20F5-40AF-A32F-5112AEF8C120}.Release|Any CPU.Build.0 = Release|Any CPU
		{CDED01DD-60D9-44C0-BB22-22F3C1F20FF3}.Debug|Any CPU.ActiveCfg = Debug|Any CPU
		{CDED01DD-60D9-44C0-BB22-22F3C1F20FF3}.Debug|Any CPU.Build.0 = Debug|Any CPU
		{CDED01DD-60D9-44C0-BB22-22F3C1F20FF3}.Release|Any CPU.ActiveCfg = Release|Any CPU
		{CDED01DD-60D9-44C0-BB22-22F3C1F20FF3}.Release|Any CPU.Build.0 = Release|Any CPU
	EndGlobalSection
	GlobalSection(SolutionProperties) = preSolution
		HideSolutionNode = FALSE
	EndGlobalSection
	GlobalSection(ExtensibilityGlobals) = postSolution
		SolutionGuid = {7D8882FF-DAFD-49C9-A852-87172D634C29}
	EndGlobalSection
EndGlobal
